
Microsoft Visual Studio Solution File, Format Version 12.00
# Visual Studio Version 16
VisualStudioVersion = 16.0.30002.166
MinimumVisualStudioVersion = 10.0.40219.1
Project("{FAE04EC0-301F-11D3-BF4B-00C04F79EFBC}") = "DemoTest", "DemoTest.csproj", "{8E9F8A27-5130-4531-A732-3214670B9ED0}"
EndProject
Project("{FAE04EC0-301F-11D3-BF4B-00C04F79EFBC}") = "UnitTestProject1", "..\UnitTestProject1\UnitTestProject1.csproj", "{2B8017DB-E070-459A-99D3-E31B49EDE98A}"
EndProject
Global
	GlobalSection(SolutionConfigurationPlatforms) = preSolution
		Debug|Any CPU = Debug|Any CPU
		Release|Any CPU = Release|Any CPU
	EndGlobalSection
	GlobalSection(ProjectConfigurationPlatforms) = postSolution
		{8E9F8A27-5130-4531-A732-3214670B9ED0}.Debug|Any CPU.ActiveCfg = Debug|Any CPU
		{8E9F8A27-5130-4531-A732-3214670B9ED0}.Debug|Any CPU.Build.0 = Debug|Any CPU
		{8E9F8A27-5130-4531-A732-3214670B9ED0}.Release|Any CPU.ActiveCfg = Release|Any CPU
		{8E9F8A27-5130-4531-A732-3214670B9ED0}.Release|Any CPU.Build.0 = Release|Any CPU
		{2B8017DB-E070-459A-99D3-E31B49EDE98A}.Debug|Any CPU.ActiveCfg = Debug|Any CPU
		{2B8017DB-E070-459A-99D3-E31B49EDE98A}.Debug|Any CPU.Build.0 = Debug|Any CPU
		{2B8017DB-E070-459A-99D3-E31B49EDE98A}.Release|Any CPU.ActiveCfg = Release|Any CPU
		{2B8017DB-E070-459A-99D3-E31B49EDE98A}.Release|Any CPU.Build.0 = Release|Any CPU
	EndGlobalSection
	GlobalSection(SolutionProperties) = preSolution
		HideSolutionNode = FALSE
	EndGlobalSection
	GlobalSection(ExtensibilityGlobals) = postSolution
		SolutionGuid = {A6E61DC0-8C02-40F4-812E-FB6308BBE25A}
	EndGlobalSection
EndGlobal
